
Microsoft Visual Studio Solution File, Format Version 12.00
# Visual Studio Version 17
VisualStudioVersion = 17.14.36623.8 d17.14
MinimumVisualStudioVersion = 10.0.40219.1
Project("{FAE04EC0-301F-11D3-BF4B-00C04F79EFBC}") = "Age of War", "Age of War\Age of War.csproj", "{361074A8-8BA5-4A2D-B1C3-2C42D3F9C368}"
EndProject
Global
	GlobalSection(SolutionConfigurationPlatforms) = preSolution
		Debug|Any CPU = Debug|Any CPU
		Release|Any CPU = Release|Any CPU
	EndGlobalSection
	GlobalSection(ProjectConfigurationPlatforms) = postSolution
		{361074A8-8BA5-4A2D-B1C3-2C42D3F9C368}.Debug|Any CPU.ActiveCfg = Debug|Any CPU
		{361074A8-8BA5-4A2D-B1C3-2C42D3F9C368}.Debug|Any CPU.Build.0 = Debug|Any CPU
		{361074A8-8BA5-4A2D-B1C3-2C42D3F9C368}.Release|Any CPU.ActiveCfg = Release|Any CPU
		{361074A8-8BA5-4A2D-B1C3-2C42D3F9C368}.Release|Any CPU.Build.0 = Release|Any CPU
	EndGlobalSection
	GlobalSection(SolutionProperties) = preSolution
		HideSolutionNode = FALSE
	EndGlobalSection
	GlobalSection(ExtensibilityGlobals) = postSolution
		SolutionGuid = {AFED1777-E1C6-4F37-838F-27ACDC0D0BA3}
	EndGlobalSection
EndGlobal
